version: 5
environments:
  default:
    channels:
    - url: https://conda.anaconda.org/conda-forge/
    indexes:
    - https://pypi.org/simple
    packages:
      osx-64:
      - conda: https://conda.anaconda.org/conda-forge/noarch/anyio-4.9.0-pyh29332c3_0.conda
      - conda: https://conda.anaconda.org/conda-forge/noarch/beautifulsoup4-4.13.4-pyha770c72_0.conda
      - conda: https://conda.anaconda.org/conda-forge/noarch/blinker-1.9.0-pyhff2d567_0.conda
      - conda: https://conda.anaconda.org/conda-forge/osx-64/brotli-python-1.1.0-py313h9ea2907_2.conda
      - conda: https://conda.anaconda.org/conda-forge/osx-64/bzip2-1.0.8-hfdf4475_7.conda
      - conda: https://conda.anaconda.org/conda-forge/osx-64/ca-certificates-2025.1.31-h8857fd0_0.conda
      - conda: https://conda.anaconda.org/conda-forge/noarch/certifi-2025.1.31-pyhd8ed1ab_0.conda
      - conda: https://conda.anaconda.org/conda-forge/osx-64/cffi-1.17.1-py313h49682b3_0.conda
      - conda: https://conda.anaconda.org/conda-forge/noarch/charset-normalizer-3.4.1-pyhd8ed1ab_0.conda
      - conda: https://conda.anaconda.org/conda-forge/noarch/click-8.1.8-pyh707e725_0.conda
      - conda: https://conda.anaconda.org/conda-forge/noarch/colorama-0.4.6-pyhd8ed1ab_1.conda
      - conda: https://conda.anaconda.org/conda-forge/osx-64/cryptography-44.0.2-py313h7e94d75_0.conda
      - conda: https://conda.anaconda.org/conda-forge/noarch/exceptiongroup-1.2.2-pyhd8ed1ab_1.conda
      - conda: https://conda.anaconda.org/conda-forge/noarch/fastcore-1.8.1-pyh29332c3_0.conda
      - conda: https://conda.anaconda.org/conda-forge/noarch/fastlite-0.0.13-pyhd8ed1ab_1.conda
      - conda: https://conda.anaconda.org/conda-forge/noarch/filelock-3.18.0-pyhd8ed1ab_0.conda
      - conda: https://conda.anaconda.org/conda-forge/noarch/fsspec-2025.3.2-pyhd8ed1ab_0.conda
      - conda: https://conda.anaconda.org/conda-forge/noarch/h11-0.14.0-pyhd8ed1ab_1.conda
      - conda: https://conda.anaconda.org/conda-forge/noarch/h2-4.2.0-pyhd8ed1ab_0.conda
      - conda: https://conda.anaconda.org/conda-forge/noarch/hpack-4.1.0-pyhd8ed1ab_0.conda
      - conda: https://conda.anaconda.org/conda-forge/noarch/httpcore-1.0.7-pyh29332c3_1.conda
      - conda: https://conda.anaconda.org/conda-forge/noarch/httpx-0.28.1-pyhd8ed1ab_0.conda
      - conda: https://conda.anaconda.org/conda-forge/noarch/huggingface_hub-0.30.2-pyhd8ed1ab_0.conda
      - conda: https://conda.anaconda.org/conda-forge/noarch/hyperframe-6.1.0-pyhd8ed1ab_0.conda
      - conda: https://conda.anaconda.org/conda-forge/noarch/idna-3.10-pyhd8ed1ab_1.conda
      - conda: https://conda.anaconda.org/conda-forge/noarch/itsdangerous-2.2.0-pyhd8ed1ab_1.conda
      - conda: https://conda.anaconda.org/conda-forge/osx-64/libcxx-20.1.3-hf95d169_0.conda
      - conda: https://conda.anaconda.org/conda-forge/osx-64/libexpat-2.7.0-h240833e_0.conda
      - conda: https://conda.anaconda.org/conda-forge/osx-64/libffi-3.4.6-h281671d_1.conda
      - conda: https://conda.anaconda.org/conda-forge/osx-64/liblzma-5.8.1-hd471939_0.conda
      - conda: https://conda.anaconda.org/conda-forge/osx-64/libmpdec-4.0.0-hfdf4475_0.conda
      - conda: https://conda.anaconda.org/conda-forge/osx-64/libsqlite-3.49.1-hdb6dae5_2.conda
      - conda: https://conda.anaconda.org/conda-forge/osx-64/libzlib-1.3.1-hd23fc13_2.conda
      - conda: https://conda.anaconda.org/conda-forge/osx-64/ncurses-6.5-h0622a9a_3.conda
      - conda: https://conda.anaconda.org/conda-forge/noarch/oauthlib-3.2.2-pyhd8ed1ab_1.conda
      - conda: https://conda.anaconda.org/conda-forge/osx-64/openssl-3.5.0-hc426f3f_0.conda
      - conda: https://conda.anaconda.org/conda-forge/noarch/packaging-24.2-pyhd8ed1ab_2.conda
      - conda: https://conda.anaconda.org/conda-forge/noarch/pycparser-2.22-pyh29332c3_1.conda
      - conda: https://conda.anaconda.org/conda-forge/noarch/pyjwt-2.10.1-pyhd8ed1ab_0.conda
      - conda: https://conda.anaconda.org/conda-forge/noarch/pysocks-1.7.1-pyha55dd90_7.conda
      - conda: https://conda.anaconda.org/conda-forge/osx-64/python-3.13.3-h534c281_101_cp313.conda
      - conda: https://conda.anaconda.org/conda-forge/noarch/python-dateutil-2.9.0.post0-pyhff2d567_1.conda
      - conda: https://conda.anaconda.org/conda-forge/noarch/python-fasthtml-0.9.1-pyh29332c3_0.conda
      - conda: https://conda.anaconda.org/conda-forge/noarch/python-multipart-0.0.20-pyhff2d567_0.conda
      - conda: https://conda.anaconda.org/conda-forge/osx-64/python_abi-3.13-6_cp313.conda
      - conda: https://conda.anaconda.org/conda-forge/osx-64/pyyaml-6.0.2-py313h717bdf5_2.conda
      - conda: https://conda.anaconda.org/conda-forge/osx-64/readline-8.2-h7cca4af_2.conda
      - conda: https://conda.anaconda.org/conda-forge/noarch/requests-2.32.3-pyhd8ed1ab_1.conda
      - conda: https://conda.anaconda.org/conda-forge/noarch/six-1.17.0-pyhd8ed1ab_0.conda
      - conda: https://conda.anaconda.org/conda-forge/noarch/sniffio-1.3.1-pyhd8ed1ab_1.conda
      - conda: https://conda.anaconda.org/conda-forge/noarch/soupsieve-2.5-pyhd8ed1ab_1.conda
      - conda: https://conda.anaconda.org/conda-forge/noarch/sqlite-minutils-4.0.2-pyh29332c3_0.conda
      - conda: https://conda.anaconda.org/conda-forge/noarch/starlette-0.46.2-pyh81abbef_0.conda
      - conda: https://conda.anaconda.org/conda-forge/osx-64/tk-8.6.13-h1abcd95_1.conda
      - conda: https://conda.anaconda.org/conda-forge/noarch/tqdm-4.67.1-pyhd8ed1ab_1.conda
      - conda: https://conda.anaconda.org/conda-forge/noarch/typing-extensions-4.13.2-h0e9735f_0.conda
      - conda: https://conda.anaconda.org/conda-forge/noarch/typing_extensions-4.13.2-pyh29332c3_0.conda
      - conda: https://conda.anaconda.org/conda-forge/noarch/tzdata-2025b-h78e105d_0.conda
      - conda: https://conda.anaconda.org/conda-forge/noarch/urllib3-2.4.0-pyhd8ed1ab_0.conda
      - conda: https://conda.anaconda.org/conda-forge/noarch/uvicorn-0.34.1-pyh31011fe_0.conda
      - conda: https://conda.anaconda.org/conda-forge/osx-64/yaml-0.2.5-h0d85af4_2.tar.bz2
      - conda: https://conda.anaconda.org/conda-forge/osx-64/zstandard-0.23.0-py313h63b0ddb_1.conda
      - pypi: .
packages:
- kind: conda
  name: anyio
  version: 4.9.0
  build: pyh29332c3_0
  subdir: noarch
  noarch: python
  url: https://conda.anaconda.org/conda-forge/noarch/anyio-4.9.0-pyh29332c3_0.conda
  sha256: b28e0f78bb0c7962630001e63af25a89224ff504e135a02e50d4d80b6155d386
  md5: 9749a2c77a7c40d432ea0927662d7e52
  depends:
  - exceptiongroup >=1.0.2
  - idna >=2.8
  - python >=3.9
  - sniffio >=1.1
  - typing_extensions >=4.5
  - python
  constrains:
  - trio >=0.26.1
  - uvloop >=0.21
  license: MIT
  license_family: MIT
  purls:
  - pkg:pypi/anyio?source=hash-mapping
  size: 126346
  timestamp: 1742243108743
- kind: conda
  name: beautifulsoup4
  version: 4.13.4
  build: pyha770c72_0
  subdir: noarch
  noarch: python
  url: https://conda.anaconda.org/conda-forge/noarch/beautifulsoup4-4.13.4-pyha770c72_0.conda
  sha256: ddb0df12fd30b2d36272f5daf6b6251c7625d6a99414d7ea930005bbaecad06d
  md5: 9f07c4fc992adb2d6c30da7fab3959a7
  depends:
  - python >=3.9
  - soupsieve >=1.2
  - typing-extensions
  license: MIT
  license_family: MIT
  purls:
  - pkg:pypi/beautifulsoup4?source=compressed-mapping
  size: 146613
  timestamp: 1744783307123
- kind: conda
  name: blinker
  version: 1.9.0
  build: pyhff2d567_0
  subdir: noarch
  noarch: python
  url: https://conda.anaconda.org/conda-forge/noarch/blinker-1.9.0-pyhff2d567_0.conda
  sha256: f7efd22b5c15b400ed84a996d777b6327e5c402e79e3c534a7e086236f1eb2dc
  md5: 42834439227a4551b939beeeb8a4b085
  depends:
  - python >=3.9
  license: MIT
  license_family: MIT
  purls:
  - pkg:pypi/blinker?source=hash-mapping
  size: 13934
  timestamp: 1731096548765
- kind: conda
  name: brotli-python
  version: 1.1.0
  build: py313h9ea2907_2
  build_number: 2
  subdir: osx-64
  url: https://conda.anaconda.org/conda-forge/osx-64/brotli-python-1.1.0-py313h9ea2907_2.conda
  sha256: a8ff547af4de5d2d6cb84543a73f924dbbd60029920dbadc27298ea0b48f28bc
  md5: 38ab121f341a1d8613c3898f36efecab
  depends:
  - __osx >=10.13
  - libcxx >=17
  - python >=3.13.0rc1,<3.14.0a0
  - python_abi 3.13.* *_cp313
  constrains:
  - libbrotlicommon 1.1.0 h00291cd_2
  license: MIT
  license_family: MIT
  purls:
  - pkg:pypi/brotli?source=hash-mapping
  size: 363156
  timestamp: 1725268004102
- kind: conda
  name: bzip2
  version: 1.0.8
  build: hfdf4475_7
  build_number: 7
  subdir: osx-64
  url: https://conda.anaconda.org/conda-forge/osx-64/bzip2-1.0.8-hfdf4475_7.conda
  sha256: cad153608b81fb24fc8c509357daa9ae4e49dfc535b2cb49b91e23dbd68fc3c5
  md5: 7ed4301d437b59045be7e051a0308211
  depends:
  - __osx >=10.13
  license: bzip2-1.0.6
  license_family: BSD
  purls: []
  size: 134188
  timestamp: 1720974491916
- kind: conda
  name: ca-certificates
  version: 2025.1.31
  build: h8857fd0_0
  subdir: osx-64
  url: https://conda.anaconda.org/conda-forge/osx-64/ca-certificates-2025.1.31-h8857fd0_0.conda
  sha256: 42e911ee2d8808eacedbec46d99b03200a6138b8e8a120bd8acabe1cac41c63b
  md5: 3418b6c8cac3e71c0bc089fc5ea53042
  license: ISC
  purls: []
  size: 158408
  timestamp: 1738298385933
- kind: conda
  name: certifi
  version: 2025.1.31
  build: pyhd8ed1ab_0
  subdir: noarch
  noarch: python
  url: https://conda.anaconda.org/conda-forge/noarch/certifi-2025.1.31-pyhd8ed1ab_0.conda
  sha256: 42a78446da06a2568cb13e69be3355169fbd0ea424b00fc80b7d840f5baaacf3
  md5: c207fa5ac7ea99b149344385a9c0880d
  depends:
  - python >=3.9
  license: ISC
  purls:
  - pkg:pypi/certifi?source=compressed-mapping
  size: 162721
  timestamp: 1739515973129
- kind: conda
  name: cffi
  version: 1.17.1
  build: py313h49682b3_0
  subdir: osx-64
  url: https://conda.anaconda.org/conda-forge/osx-64/cffi-1.17.1-py313h49682b3_0.conda
  sha256: 660c8f8488f78c500a1bb4a803c31403104b1ee2cabf1476a222a3b8abf5a4d7
  md5: 98afc301e6601a3480f9e0b9f8867ee0
  depends:
  - __osx >=10.13
  - libffi >=3.4,<4.0a0
  - pycparser
  - python >=3.13.0rc1,<3.14.0a0
  - python_abi 3.13.* *_cp313
  license: MIT
  license_family: MIT
  purls:
  - pkg:pypi/cffi?source=hash-mapping
  size: 284540
  timestamp: 1725560667915
- kind: conda
  name: charset-normalizer
  version: 3.4.1
  build: pyhd8ed1ab_0
  subdir: noarch
  noarch: python
  url: https://conda.anaconda.org/conda-forge/noarch/charset-normalizer-3.4.1-pyhd8ed1ab_0.conda
  sha256: 4e0ee91b97e5de3e74567bdacea27f0139709fceca4db8adffbe24deffccb09b
  md5: e83a31202d1c0a000fce3e9cf3825875
  depends:
  - python >=3.9
  license: MIT
  license_family: MIT
  purls:
  - pkg:pypi/charset-normalizer?source=hash-mapping
  size: 47438
  timestamp: 1735929811779
- kind: conda
  name: click
  version: 8.1.8
  build: pyh707e725_0
  subdir: noarch
  noarch: python
  url: https://conda.anaconda.org/conda-forge/noarch/click-8.1.8-pyh707e725_0.conda
  sha256: c920d23cd1fcf565031c679adb62d848af60d6fbb0edc2d50ba475cea4f0d8ab
  md5: f22f4d4970e09d68a10b922cbb0408d3
  depends:
  - __unix
  - python >=3.9
  license: BSD-3-Clause
  license_family: BSD
  purls:
  - pkg:pypi/click?source=hash-mapping
  size: 84705
  timestamp: 1734858922844
- kind: conda
  name: colorama
  version: 0.4.6
  build: pyhd8ed1ab_1
  build_number: 1
  subdir: noarch
  noarch: python
  url: https://conda.anaconda.org/conda-forge/noarch/colorama-0.4.6-pyhd8ed1ab_1.conda
  sha256: ab29d57dc70786c1269633ba3dff20288b81664d3ff8d21af995742e2bb03287
  md5: 962b9857ee8e7018c22f2776ffa0b2d7
  depends:
  - python >=3.9
  license: BSD-3-Clause
  license_family: BSD
  purls:
  - pkg:pypi/colorama?source=hash-mapping
  size: 27011
  timestamp: 1733218222191
- kind: conda
  name: cryptography
  version: 44.0.2
  build: py313h7e94d75_0
  subdir: osx-64
  url: https://conda.anaconda.org/conda-forge/osx-64/cryptography-44.0.2-py313h7e94d75_0.conda
  sha256: d6b6b0363511a4b8dabd042efefdd1887238eb1dcf0edf84128f9cedb7584744
  md5: cbb54dc06c9a0f6de437283cc0fdc790
  depends:
  - __osx >=10.13
  - cffi >=1.12
  - openssl >=3.4.1,<4.0a0
  - python >=3.13,<3.14.0a0
  - python_abi 3.13.* *_cp313
  constrains:
  - __osx >=10.13
  license: Apache-2.0 AND BSD-3-Clause AND PSF-2.0 AND MIT
  license_family: BSD
  purls:
  - pkg:pypi/cryptography?source=hash-mapping
  size: 1515740
  timestamp: 1740894021060
- kind: conda
  name: exceptiongroup
  version: 1.2.2
  build: pyhd8ed1ab_1
  build_number: 1
  subdir: noarch
  noarch: python
  url: https://conda.anaconda.org/conda-forge/noarch/exceptiongroup-1.2.2-pyhd8ed1ab_1.conda
  sha256: cbde2c64ec317118fc06b223c5fd87c8a680255e7348dd60e7b292d2e103e701
  md5: a16662747cdeb9abbac74d0057cc976e
  depends:
  - python >=3.9
  license: MIT and PSF-2.0
  purls:
  - pkg:pypi/exceptiongroup?source=hash-mapping
  size: 20486
  timestamp: 1733208916977
- kind: conda
  name: fastcore
  version: 1.8.1
  build: pyh29332c3_0
  subdir: noarch
  noarch: python
  url: https://conda.anaconda.org/conda-forge/noarch/fastcore-1.8.1-pyh29332c3_0.conda
  sha256: 09932f3db4edc78ece7d5b5c783b16a6cf07221e982a4b36f8f0c7bda4453d71
  md5: ce23a4200a1bb6f7e325ca31d90f82ee
  depends:
  - python >=3.9
  - packaging
  - python
  license: Apache-2.0
  license_family: APACHE
  purls:
  - pkg:pypi/fastcore?source=hash-mapping
  size: 79443
  timestamp: 1743897322342
- kind: pypi
  name: fasthtml-pocs
  version: 0.1.0
  path: .
  sha256: d67bf603fceae839a0a214c192cb5af6a0c5629c28b3e9b7a175eb96b890b473
  requires_dist:
  - python-fasthtml
  requires_python: '>=3.11'
  editable: true
- kind: conda
  name: fastlite
  version: 0.0.13
  build: pyhd8ed1ab_1
  build_number: 1
  subdir: noarch
  noarch: python
  url: https://conda.anaconda.org/conda-forge/noarch/fastlite-0.0.13-pyhd8ed1ab_1.conda
  sha256: 205d934c3060633340860d2d9050ca6b82f17695268410ce570a0eeb856093a2
  md5: 5fee6fcbbd9cfc929d88fcf9a6b2fc89
  depends:
  - fastcore >=1.7.1
  - python >=3.10
  - sqlite-minutils >=3.37.0.post4
  license: Apache-2.0
  license_family: APACHE
  purls:
  - pkg:pypi/fastlite?source=hash-mapping
  size: 21325
  timestamp: 1735682548695
- kind: conda
  name: filelock
  version: 3.18.0
  build: pyhd8ed1ab_0
  subdir: noarch
  noarch: python
  url: https://conda.anaconda.org/conda-forge/noarch/filelock-3.18.0-pyhd8ed1ab_0.conda
  sha256: de7b6d4c4f865609ae88db6fa03c8b7544c2452a1aa5451eb7700aad16824570
  md5: 4547b39256e296bb758166893e909a7c
  depends:
  - python >=3.9
  license: Unlicense
  purls:
  - pkg:pypi/filelock?source=hash-mapping
  size: 17887
  timestamp: 1741969612334
- kind: conda
  name: fsspec
  version: 2025.3.2
  build: pyhd8ed1ab_0
  subdir: noarch
  noarch: python
  url: https://conda.anaconda.org/conda-forge/noarch/fsspec-2025.3.2-pyhd8ed1ab_0.conda
  sha256: 2040d4640708bd6ab9ed6cb9901267441798c44974bc63c9b6c1cb4c1891d825
  md5: 9c40692c3d24c7aaf335f673ac09d308
  depends:
  - python >=3.9
  license: BSD-3-Clause
  license_family: BSD
  purls:
  - pkg:pypi/fsspec?source=compressed-mapping
  size: 142117
  timestamp: 1743437355974
- kind: conda
  name: h11
  version: 0.14.0
  build: pyhd8ed1ab_1
  build_number: 1
  subdir: noarch
  noarch: python
  url: https://conda.anaconda.org/conda-forge/noarch/h11-0.14.0-pyhd8ed1ab_1.conda
  sha256: 622516185a7c740d5c7f27016d0c15b45782c1501e5611deec63fd70344ce7c8
  md5: 7ee49e89531c0dcbba9466f6d115d585
  depends:
  - python >=3.9
  - typing_extensions
  license: MIT
  license_family: MIT
  purls:
  - pkg:pypi/h11?source=hash-mapping
  size: 51846
  timestamp: 1733327599467
- kind: conda
  name: h2
  version: 4.2.0
  build: pyhd8ed1ab_0
  subdir: noarch
  noarch: python
  url: https://conda.anaconda.org/conda-forge/noarch/h2-4.2.0-pyhd8ed1ab_0.conda
  sha256: 0aa1cdc67a9fe75ea95b5644b734a756200d6ec9d0dff66530aec3d1c1e9df75
  md5: b4754fb1bdcb70c8fd54f918301582c6
  depends:
  - hpack >=4.1,<5
  - hyperframe >=6.1,<7
  - python >=3.9
  license: MIT
  license_family: MIT
  purls:
  - pkg:pypi/h2?source=hash-mapping
  size: 53888
  timestamp: 1738578623567
- kind: conda
  name: hpack
  version: 4.1.0
  build: pyhd8ed1ab_0
  subdir: noarch
  noarch: python
  url: https://conda.anaconda.org/conda-forge/noarch/hpack-4.1.0-pyhd8ed1ab_0.conda
  sha256: 6ad78a180576c706aabeb5b4c8ceb97c0cb25f1e112d76495bff23e3779948ba
  md5: 0a802cb9888dd14eeefc611f05c40b6e
  depends:
  - python >=3.9
  license: MIT
  license_family: MIT
  purls:
  - pkg:pypi/hpack?source=hash-mapping
  size: 30731
  timestamp: 1737618390337
- kind: conda
  name: httpcore
  version: 1.0.7
  build: pyh29332c3_1
  build_number: 1
  subdir: noarch
  noarch: python
  url: https://conda.anaconda.org/conda-forge/noarch/httpcore-1.0.7-pyh29332c3_1.conda
  sha256: c84d012a245171f3ed666a8bf9319580c269b7843ffa79f26468842da3abd5df
  md5: 2ca8e6dbc86525c8b95e3c0ffa26442e
  depends:
  - python >=3.8
  - h11 >=0.13,<0.15
  - h2 >=3,<5
  - sniffio 1.*
  - anyio >=3.0,<5.0
  - certifi
  license: BSD-3-Clause
  license_family: BSD
  purls:
  - pkg:pypi/httpcore?source=hash-mapping
  size: 48959
  timestamp: 1731707562362
- kind: conda
  name: httpx
  version: 0.28.1
  build: pyhd8ed1ab_0
  subdir: noarch
  noarch: python
  url: https://conda.anaconda.org/conda-forge/noarch/httpx-0.28.1-pyhd8ed1ab_0.conda
  sha256: cd0f1de3697b252df95f98383e9edb1d00386bfdd03fdf607fa42fe5fcb09950
  md5: d6989ead454181f4f9bc987d3dc4e285
  depends:
  - anyio
  - certifi
  - httpcore 1.*
  - idna
  - python >=3.9
  license: BSD-3-Clause
  license_family: BSD
  purls:
  - pkg:pypi/httpx?source=hash-mapping
  size: 63082
  timestamp: 1733663449209
- kind: conda
  name: huggingface_hub
  version: 0.30.2
  build: pyhd8ed1ab_0
  subdir: noarch
  noarch: python
  url: https://conda.anaconda.org/conda-forge/noarch/huggingface_hub-0.30.2-pyhd8ed1ab_0.conda
  sha256: 31402abbbc44f9232d88cde383c15a29ebbf0745b02a90db252967dea0f146eb
  md5: e263a7875762bd3a2a6a925ab3ef4f81
  depends:
  - filelock
  - fsspec >=2023.5.0
  - packaging >=20.9
  - python >=3.9
  - pyyaml >=5.1
  - requests
  - tqdm >=4.42.1
  - typing-extensions >=3.7.4.3
  - typing_extensions >=3.7.4.3
  license: Apache-2.0
  license_family: APACHE
  purls:
  - pkg:pypi/huggingface-hub?source=compressed-mapping
  size: 296463
  timestamp: 1744136260680
- kind: conda
  name: hyperframe
  version: 6.1.0
  build: pyhd8ed1ab_0
  subdir: noarch
  noarch: python
  url: https://conda.anaconda.org/conda-forge/noarch/hyperframe-6.1.0-pyhd8ed1ab_0.conda
  sha256: 77af6f5fe8b62ca07d09ac60127a30d9069fdc3c68d6b256754d0ffb1f7779f8
  md5: 8e6923fc12f1fe8f8c4e5c9f343256ac
  depends:
  - python >=3.9
  license: MIT
  license_family: MIT
  purls:
  - pkg:pypi/hyperframe?source=hash-mapping
  size: 17397
  timestamp: 1737618427549
- kind: conda
  name: idna
  version: '3.10'
  build: pyhd8ed1ab_1
  build_number: 1
  subdir: noarch
  noarch: python
  url: https://conda.anaconda.org/conda-forge/noarch/idna-3.10-pyhd8ed1ab_1.conda
  sha256: d7a472c9fd479e2e8dcb83fb8d433fce971ea369d704ece380e876f9c3494e87
  md5: 39a4f67be3286c86d696df570b1201b7
  depends:
  - python >=3.9
  license: BSD-3-Clause
  license_family: BSD
  purls:
  - pkg:pypi/idna?source=hash-mapping
  size: 49765
  timestamp: 1733211921194
- kind: conda
  name: itsdangerous
  version: 2.2.0
  build: pyhd8ed1ab_1
  build_number: 1
  subdir: noarch
  noarch: python
  url: https://conda.anaconda.org/conda-forge/noarch/itsdangerous-2.2.0-pyhd8ed1ab_1.conda
  sha256: 1684b7b16eec08efef5302ce298c606b163c18272b69a62b666fbaa61516f170
  md5: 7ac5f795c15f288984e32add616cdc59
  depends:
  - python >=3.9
  license: BSD-3-Clause
  license_family: BSD
  purls:
  - pkg:pypi/itsdangerous?source=hash-mapping
  size: 19180
  timestamp: 1733308353037
- kind: conda
  name: libcxx
  version: 20.1.3
  build: hf95d169_0
  subdir: osx-64
  url: https://conda.anaconda.org/conda-forge/osx-64/libcxx-20.1.3-hf95d169_0.conda
  sha256: a4b493e0f76b20ff14e0f1f93c92882663c4f23c4488d8de3f6bbf1311b9c41e
  md5: 022f109787a9624301ddbeb39519ff13
  depends:
  - __osx >=10.13
  license: Apache-2.0 WITH LLVM-exception
  license_family: Apache
  purls: []
  size: 560376
  timestamp: 1744843903291
- kind: conda
  name: libexpat
  version: 2.7.0
  build: h240833e_0
  subdir: osx-64
  url: https://conda.anaconda.org/conda-forge/osx-64/libexpat-2.7.0-h240833e_0.conda
  sha256: 976f2e23ad2bb2b8e92c99bfa2ead3ad557b17a129b170f7e2dfcf233193dd7e
  md5: 026d0a1056ba2a3dbbea6d4b08188676
  depends:
  - __osx >=10.13
  constrains:
  - expat 2.7.0.*
  license: MIT
  license_family: MIT
  purls: []
  size: 71894
  timestamp: 1743431912423
- kind: conda
  name: libffi
  version: 3.4.6
  build: h281671d_1
  build_number: 1
  subdir: osx-64
  url: https://conda.anaconda.org/conda-forge/osx-64/libffi-3.4.6-h281671d_1.conda
  sha256: 6394b1bc67c64a21a5cc73d1736d1d4193a64515152e861785c44d2cfc49edf3
  md5: 4ca9ea59839a9ca8df84170fab4ceb41
  depends:
  - __osx >=10.13
  license: MIT
  license_family: MIT
  purls: []
  size: 51216
  timestamp: 1743434595269
- kind: conda
  name: liblzma
  version: 5.8.1
  build: hd471939_0
  subdir: osx-64
  url: https://conda.anaconda.org/conda-forge/osx-64/liblzma-5.8.1-hd471939_0.conda
  sha256: 3369b8ef0b544d17aebc530a687c0480051e825e8ffcd001b1a5f594fe276159
  md5: 8e1197f652c67e87a9ece738d82cef4f
  depends:
  - __osx >=10.13
  license: 0BSD
  purls: []
  size: 104689
  timestamp: 1743771137842
- kind: conda
  name: libmpdec
  version: 4.0.0
  build: hfdf4475_0
  subdir: osx-64
  url: https://conda.anaconda.org/conda-forge/osx-64/libmpdec-4.0.0-hfdf4475_0.conda
  sha256: 791be3d30d8e37ec49bcc23eb8f1e1415d911a7c023fa93685f2ea485179e258
  md5: ed625b2e59dff82859c23dd24774156b
  depends:
  - __osx >=10.13
  license: BSD-2-Clause
  license_family: BSD
  purls: []
  size: 76561
  timestamp: 1723817691512
- kind: conda
  name: libsqlite
  version: 3.49.1
  build: hdb6dae5_2
  build_number: 2
  subdir: osx-64
  url: https://conda.anaconda.org/conda-forge/osx-64/libsqlite-3.49.1-hdb6dae5_2.conda
  sha256: 82695c9b16a702de615c8303387384c6ec5cf8b98e16458e5b1935b950e4ec38
  md5: 1819e770584a7e83a81541d8253cbabe
  depends:
  - __osx >=10.13
  - libzlib >=1.3.1,<2.0a0
  license: Unlicense
  purls: []
  size: 977701
  timestamp: 1742083869897
- kind: conda
  name: libzlib
  version: 1.3.1
  build: hd23fc13_2
  build_number: 2
  subdir: osx-64
  url: https://conda.anaconda.org/conda-forge/osx-64/libzlib-1.3.1-hd23fc13_2.conda
  sha256: 8412f96504fc5993a63edf1e211d042a1fd5b1d51dedec755d2058948fcced09
  md5: 003a54a4e32b02f7355b50a837e699da
  depends:
  - __osx >=10.13
  constrains:
  - zlib 1.3.1 *_2
  license: Zlib
  license_family: Other
  purls: []
  size: 57133
  timestamp: 1727963183990
- kind: conda
  name: ncurses
  version: '6.5'
  build: h0622a9a_3
  build_number: 3
  subdir: osx-64
  url: https://conda.anaconda.org/conda-forge/osx-64/ncurses-6.5-h0622a9a_3.conda
  sha256: ea4a5d27ded18443749aefa49dc79f6356da8506d508b5296f60b8d51e0c4bd9
  md5: ced34dd9929f491ca6dab6a2927aff25
  depends:
  - __osx >=10.13
  license: X11 AND BSD-3-Clause
  purls: []
  size: 822259
  timestamp: 1738196181298
- kind: conda
  name: oauthlib
  version: 3.2.2
  build: pyhd8ed1ab_1
  build_number: 1
  subdir: noarch
  noarch: python
  url: https://conda.anaconda.org/conda-forge/noarch/oauthlib-3.2.2-pyhd8ed1ab_1.conda
  sha256: bec65607d36759e85aab2331ff7f056cb32be0bca92ee2b955aea3306330bd1b
  md5: bf5f2c90d503d43a8c45cedf766b4b8e
  depends:
  - blinker
  - cryptography
  - pyjwt >=1.0.0
  - python >=3.9
  license: BSD-3-Clause
  license_family: BSD
  purls:
  - pkg:pypi/oauthlib?source=hash-mapping
  size: 97604
  timestamp: 1733752957557
- kind: conda
  name: openssl
  version: 3.5.0
  build: hc426f3f_0
  subdir: osx-64
  url: https://conda.anaconda.org/conda-forge/osx-64/openssl-3.5.0-hc426f3f_0.conda
  sha256: 7ee137b67f2de89d203e5ac2ebffd6d42252700005bf6af2bbf3dc11a9dfedbd
  md5: e06e13c34056b6334a7a1188b0f4c83c
  depends:
  - __osx >=10.13
  - ca-certificates
  license: Apache-2.0
  license_family: Apache
  purls: []
  size: 2737547
  timestamp: 1744140967264
- kind: conda
  name: packaging
  version: '24.2'
  build: pyhd8ed1ab_2
  build_number: 2
  subdir: noarch
  noarch: python
  url: https://conda.anaconda.org/conda-forge/noarch/packaging-24.2-pyhd8ed1ab_2.conda
  sha256: da157b19bcd398b9804c5c52fc000fcb8ab0525bdb9c70f95beaa0bb42f85af1
  md5: 3bfed7e6228ebf2f7b9eaa47f1b4e2aa
  depends:
  - python >=3.8
  license: Apache-2.0
  license_family: APACHE
  purls:
  - pkg:pypi/packaging?source=hash-mapping
  size: 60164
  timestamp: 1733203368787
- kind: conda
  name: pycparser
  version: '2.22'
  build: pyh29332c3_1
  build_number: 1
  subdir: noarch
  noarch: python
  url: https://conda.anaconda.org/conda-forge/noarch/pycparser-2.22-pyh29332c3_1.conda
  sha256: 79db7928d13fab2d892592223d7570f5061c192f27b9febd1a418427b719acc6
  md5: 12c566707c80111f9799308d9e265aef
  depends:
  - python >=3.9
  - python
  license: BSD-3-Clause
  license_family: BSD
  purls: []
  size: 110100
  timestamp: 1733195786147
- kind: conda
  name: pyjwt
  version: 2.10.1
  build: pyhd8ed1ab_0
  subdir: noarch
  noarch: python
  url: https://conda.anaconda.org/conda-forge/noarch/pyjwt-2.10.1-pyhd8ed1ab_0.conda
  sha256: 158d8911e873e2a339c27768933747bf9c2aec1caa038f1b7b38a011734a956f
  md5: 84c5c40ea7c5bbc6243556e5daed20e7
  depends:
  - python >=3.9
  constrains:
  - cryptography >=3.4.0
  license: MIT
  license_family: MIT
  purls:
  - pkg:pypi/pyjwt?source=hash-mapping
  size: 25093
  timestamp: 1732782523102
- kind: conda
  name: pysocks
  version: 1.7.1
  build: pyha55dd90_7
  build_number: 7
  subdir: noarch
  noarch: python
  url: https://conda.anaconda.org/conda-forge/noarch/pysocks-1.7.1-pyha55dd90_7.conda
  sha256: ba3b032fa52709ce0d9fd388f63d330a026754587a2f461117cac9ab73d8d0d8
  md5: 461219d1a5bd61342293efa2c0c90eac
  depends:
  - __unix
  - python >=3.9
  license: BSD-3-Clause
  license_family: BSD
  purls:
  - pkg:pypi/pysocks?source=hash-mapping
  size: 21085
  timestamp: 1733217331982
- kind: conda
  name: python
  version: 3.13.3
  build: h534c281_101_cp313
  build_number: 101
  subdir: osx-64
  url: https://conda.anaconda.org/conda-forge/osx-64/python-3.13.3-h534c281_101_cp313.conda
  sha256: fe70f145472820922a01279165b96717815dcd4f346ad9a2f2338045d8818930
  md5: ebcc7c42561d8d8b01477020b63218c0
  depends:
  - __osx >=10.13
  - bzip2 >=1.0.8,<2.0a0
  - libexpat >=2.7.0,<3.0a0
  - libffi >=3.4.6,<3.5.0a0
  - liblzma >=5.8.1,<6.0a0
  - libmpdec >=4.0.0,<5.0a0
  - libsqlite >=3.49.1,<4.0a0
  - libzlib >=1.3.1,<2.0a0
  - ncurses >=6.5,<7.0a0
  - openssl >=3.5.0,<4.0a0
  - python_abi 3.13.* *_cp313
  - readline >=8.2,<9.0a0
  - tk >=8.6.13,<8.7.0a0
  - tzdata
  python_site_packages_path: lib/python3.13/site-packages
  license: Python-2.0
  purls: []
  size: 13875464
  timestamp: 1744664784298
- kind: conda
  name: python-dateutil
  version: 2.9.0.post0
  build: pyhff2d567_1
  build_number: 1
  subdir: noarch
  noarch: python
  url: https://conda.anaconda.org/conda-forge/noarch/python-dateutil-2.9.0.post0-pyhff2d567_1.conda
  sha256: a50052536f1ef8516ed11a844f9413661829aa083304dc624c5925298d078d79
  md5: 5ba79d7c71f03c678c8ead841f347d6e
  depends:
  - python >=3.9
  - six >=1.5
  license: Apache-2.0
  license_family: APACHE
  purls:
  - pkg:pypi/python-dateutil?source=hash-mapping
  size: 222505
  timestamp: 1733215763718
- kind: conda
  name: python-fasthtml
  version: 0.9.1
  build: pyh29332c3_0
  subdir: noarch
  noarch: python
  url: https://conda.anaconda.org/conda-forge/noarch/python-fasthtml-0.9.1-pyh29332c3_0.conda
  sha256: 0dfddc16fcb22fd39b39e74a2bb58388300bc41dcd3b6b6b503b7eef6d126e2d
  md5: ba06da33ff64a116fd895a3e94e80521
  depends:
  - python >=3.10
  - fastcore >=1.7.18
  - python-dateutil
  - starlette >0.33
  - oauthlib
  - itsdangerous
  - uvicorn >=0.30
  - httpx
  - fastlite >=0.0.9
  - python-multipart
  - beautifulsoup4
  - python
  license: Apache-2.0
  license_family: APACHE
  purls:
  - pkg:pypi/python-fasthtml?source=hash-mapping
  size: 57099
  timestamp: 1731023964433
- kind: conda
  name: python-multipart
  version: 0.0.20
  build: pyhff2d567_0
  subdir: noarch
  noarch: python
  url: https://conda.anaconda.org/conda-forge/noarch/python-multipart-0.0.20-pyhff2d567_0.conda
  sha256: 1b03678d145b1675b757cba165a0d9803885807792f7eb4495e48a38858c3cca
  md5: a28c984e0429aff3ab7386f7de56de6f
  depends:
  - python >=3.9
  license: Apache-2.0
  license_family: Apache
  purls:
  - pkg:pypi/python-multipart?source=hash-mapping
  size: 27913
  timestamp: 1734420869885
- kind: conda
  name: python_abi
  version: '3.13'
  build: 6_cp313
  build_number: 6
  subdir: osx-64
  url: https://conda.anaconda.org/conda-forge/osx-64/python_abi-3.13-6_cp313.conda
  sha256: ef527337ae8fd3e7cef49bb1ebedb2ad34915f3a19ceb1e452d7691149f1b2e7
  md5: 1867172dd3044e5c3db5772b81d67796
  constrains:
  - python 3.13.* *_cp313
  license: BSD-3-Clause
  license_family: BSD
  purls: []
  size: 6952
  timestamp: 1743483227308
- kind: conda
  name: pyyaml
  version: 6.0.2
  build: py313h717bdf5_2
  build_number: 2
  subdir: osx-64
  url: https://conda.anaconda.org/conda-forge/osx-64/pyyaml-6.0.2-py313h717bdf5_2.conda
  sha256: 27501e9b3b5c6bfabb3068189fd40c650356a258e4a82b0cfe31c60f568dcb85
  md5: b7f2984724531d2233b77c89c54be594
  depends:
  - __osx >=10.13
  - python >=3.13,<3.14.0a0
  - python_abi 3.13.* *_cp313
  - yaml >=0.2.5,<0.3.0a0
  license: MIT
  license_family: MIT
  purls:
  - pkg:pypi/pyyaml?source=hash-mapping
  size: 196573
  timestamp: 1737455046063
- kind: conda
  name: readline
  version: '8.2'
  build: h7cca4af_2
  build_number: 2
  subdir: osx-64
  url: https://conda.anaconda.org/conda-forge/osx-64/readline-8.2-h7cca4af_2.conda
  sha256: 53017e80453c4c1d97aaf78369040418dea14cf8f46a2fa999f31bd70b36c877
  md5: 342570f8e02f2f022147a7f841475784
  depends:
  - ncurses >=6.5,<7.0a0
  license: GPL-3.0-only
  license_family: GPL
  purls: []
  size: 256712
  timestamp: 1740379577668
- kind: conda
  name: requests
  version: 2.32.3
  build: pyhd8ed1ab_1
  build_number: 1
  subdir: noarch
  noarch: python
  url: https://conda.anaconda.org/conda-forge/noarch/requests-2.32.3-pyhd8ed1ab_1.conda
  sha256: d701ca1136197aa121bbbe0e8c18db6b5c94acbd041c2b43c70e5ae104e1d8ad
  md5: a9b9368f3701a417eac9edbcae7cb737
  depends:
  - certifi >=2017.4.17
  - charset-normalizer >=2,<4
  - idna >=2.5,<4
  - python >=3.9
  - urllib3 >=1.21.1,<3
  constrains:
  - chardet >=3.0.2,<6
  license: Apache-2.0
  license_family: APACHE
  purls:
  - pkg:pypi/requests?source=hash-mapping
  size: 58723
  timestamp: 1733217126197
- kind: conda
  name: six
  version: 1.17.0
  build: pyhd8ed1ab_0
  subdir: noarch
  noarch: python
  url: https://conda.anaconda.org/conda-forge/noarch/six-1.17.0-pyhd8ed1ab_0.conda
  sha256: 41db0180680cc67c3fa76544ffd48d6a5679d96f4b71d7498a759e94edc9a2db
  md5: a451d576819089b0d672f18768be0f65
  depends:
  - python >=3.9
  license: MIT
  license_family: MIT
  purls:
  - pkg:pypi/six?source=hash-mapping
  size: 16385
  timestamp: 1733381032766
- kind: conda
  name: sniffio
  version: 1.3.1
  build: pyhd8ed1ab_1
  build_number: 1
  subdir: noarch
  noarch: python
  url: https://conda.anaconda.org/conda-forge/noarch/sniffio-1.3.1-pyhd8ed1ab_1.conda
  sha256: c2248418c310bdd1719b186796ae50a8a77ce555228b6acd32768e2543a15012
  md5: bf7a226e58dfb8346c70df36065d86c9
  depends:
  - python >=3.9
  license: Apache-2.0
  license_family: Apache
  purls:
  - pkg:pypi/sniffio?source=hash-mapping
  size: 15019
  timestamp: 1733244175724
- kind: conda
  name: soupsieve
  version: '2.5'
  build: pyhd8ed1ab_1
  build_number: 1
  subdir: noarch
  noarch: python
  url: https://conda.anaconda.org/conda-forge/noarch/soupsieve-2.5-pyhd8ed1ab_1.conda
  sha256: 54ae221033db8fbcd4998ccb07f3c3828b4d77e73b0c72b18c1d6a507059059c
  md5: 3f144b2c34f8cb5a9abd9ed23a39c561
  depends:
  - python >=3.8
  license: MIT
  license_family: MIT
  purls:
  - pkg:pypi/soupsieve?source=hash-mapping
  size: 36754
  timestamp: 1693929424267
- kind: conda
  name: sqlite-minutils
  version: 4.0.2
  build: pyh29332c3_0
  subdir: noarch
  noarch: python
  url: https://conda.anaconda.org/conda-forge/noarch/sqlite-minutils-4.0.2-pyh29332c3_0.conda
  sha256: 7bd4551a26bf99644dd398974fea90f328160172e44ff934ed2d4838e976fdf6
  md5: c1785a058894a7ee8347c442f7d3567a
  depends:
  - python >=3.9
  - fastcore
  - python
  license: Apache-2.0
  license_family: APACHE
  purls:
  - pkg:pypi/sqlite-minutils?source=hash-mapping
  size: 75234
  timestamp: 1731511454476
- kind: conda
  name: starlette
  version: 0.46.2
  build: pyh81abbef_0
  subdir: noarch
  noarch: python
  url: https://conda.anaconda.org/conda-forge/noarch/starlette-0.46.2-pyh81abbef_0.conda
  sha256: d41b9b2719a2a0176930df21d7fec7b758058e7fafd53dc900b5706cd627fa3a
  md5: 36ec80c2b37e52760ab41be7c2bd1fd3
  depends:
  - anyio >=3.6.2,<5
  - python >=3.9
  - typing_extensions >=3.10.0
  - python
  license: BSD-3-Clause
  license_family: BSD
  purls:
  - pkg:pypi/starlette?source=compressed-mapping
  size: 62335
  timestamp: 1744661396275
- kind: conda
  name: tk
  version: 8.6.13
  build: h1abcd95_1
  build_number: 1
  subdir: osx-64
  url: https://conda.anaconda.org/conda-forge/osx-64/tk-8.6.13-h1abcd95_1.conda
  sha256: 30412b2e9de4ff82d8c2a7e5d06a15f4f4fef1809a72138b6ccb53a33b26faf5
  md5: bf830ba5afc507c6232d4ef0fb1a882d
  depends:
  - libzlib >=1.2.13,<2.0.0a0
  license: TCL
  license_family: BSD
  purls: []
  size: 3270220
  timestamp: 1699202389792
- kind: conda
  name: tqdm
  version: 4.67.1
  build: pyhd8ed1ab_1
  build_number: 1
  subdir: noarch
  noarch: python
  url: https://conda.anaconda.org/conda-forge/noarch/tqdm-4.67.1-pyhd8ed1ab_1.conda
  sha256: 11e2c85468ae9902d24a27137b6b39b4a78099806e551d390e394a8c34b48e40
  md5: 9efbfdc37242619130ea42b1cc4ed861
  depends:
  - colorama
  - python >=3.9
  license: MPL-2.0 or MIT
  purls:
  - pkg:pypi/tqdm?source=hash-mapping
  size: 89498
  timestamp: 1735661472632
- kind: conda
  name: typing-extensions
  version: 4.13.2
  build: h0e9735f_0
  subdir: noarch
  noarch: generic
  url: https://conda.anaconda.org/conda-forge/noarch/typing-extensions-4.13.2-h0e9735f_0.conda
  sha256: 4865fce0897d3cb0ffc8998219157a8325f6011c136e6fd740a9a6b169419296
  md5: 568ed1300869dca0ba09fb750cda5dbb
  depends:
  - typing_extensions ==4.13.2 pyh29332c3_0
  license: PSF-2.0
  license_family: PSF
  purls: []
  size: 89900
  timestamp: 1744302253997
- kind: conda
  name: typing_extensions
  version: 4.13.2
  build: pyh29332c3_0
  subdir: noarch
  noarch: python
  url: https://conda.anaconda.org/conda-forge/noarch/typing_extensions-4.13.2-pyh29332c3_0.conda
  sha256: a8aaf351e6461de0d5d47e4911257e25eec2fa409d71f3b643bb2f748bde1c08
  md5: 83fc6ae00127671e301c9f44254c31b8
  depends:
  - python >=3.9
  - python
  license: PSF-2.0
  license_family: PSF
  purls:
  - pkg:pypi/typing-extensions?source=compressed-mapping
  size: 52189
  timestamp: 1744302253997
- kind: conda
  name: tzdata
  version: 2025b
  build: h78e105d_0
  subdir: noarch
  noarch: generic
  url: https://conda.anaconda.org/conda-forge/noarch/tzdata-2025b-h78e105d_0.conda
  sha256: 5aaa366385d716557e365f0a4e9c3fca43ba196872abbbe3d56bb610d131e192
  md5: 4222072737ccff51314b5ece9c7d6f5a
  license: LicenseRef-Public-Domain
  purls: []
  size: 122968
  timestamp: 1742727099393
- kind: conda
  name: urllib3
  version: 2.4.0
  build: pyhd8ed1ab_0
  subdir: noarch
  noarch: python
  url: https://conda.anaconda.org/conda-forge/noarch/urllib3-2.4.0-pyhd8ed1ab_0.conda
  sha256: a25403b76f7f03ca1a906e1ef0f88521edded991b9897e7fed56a3e334b3db8c
  md5: c1e349028e0052c4eea844e94f773065
  depends:
  - brotli-python >=1.0.9
  - h2 >=4,<5
  - pysocks >=1.5.6,<2.0,!=1.5.7
  - python >=3.9
  - zstandard >=0.18.0
  license: MIT
  license_family: MIT
  purls:
  - pkg:pypi/urllib3?source=hash-mapping
  size: 100791
  timestamp: 1744323705540
- kind: conda
  name: uvicorn
  version: 0.34.1
  build: pyh31011fe_0
  subdir: noarch
  noarch: python
  url: https://conda.anaconda.org/conda-forge/noarch/uvicorn-0.34.1-pyh31011fe_0.conda
  sha256: 12fff3fc66d0214db3b68388f9b543c0f32a74ab69bbc48f926287b76f84b4ba
  md5: b16572c04a572377c4010aae0b16b1b7
  depends:
  - __unix
  - click >=7.0
  - h11 >=0.8
  - python >=3.9
  - typing_extensions >=4.0
  license: BSD-3-Clause
  license_family: BSD
  purls:
  - pkg:pypi/uvicorn?source=compressed-mapping
  size: 48804
  timestamp: 1744642145682
- kind: conda
  name: yaml
  version: 0.2.5
  build: h0d85af4_2
  build_number: 2
  subdir: osx-64
  url: https://conda.anaconda.org/conda-forge/osx-64/yaml-0.2.5-h0d85af4_2.tar.bz2
  sha256: 5301417e2c8dea45b401ffee8df3957d2447d4ce80c83c5ff151fc6bfe1c4148
  md5: d7e08fcf8259d742156188e8762b4d20
  license: MIT
  license_family: MIT
  purls: []
  size: 84237
  timestamp: 1641347062780
- kind: conda
  name: zstandard
  version: 0.23.0
  build: py313h63b0ddb_1
  build_number: 1
  subdir: osx-64
  url: https://conda.anaconda.org/conda-forge/osx-64/zstandard-0.23.0-py313h63b0ddb_1.conda
  sha256: 4b975a1ecff7947ec6fa365f01e363a0cb2521e5ef97c1561e85b7daea8581dd
  md5: f00530abdc6e3dba5ae003598c8fb8a1
  depends:
  - __osx >=10.13
  - cffi >=1.11
  - python >=3.13,<3.14.0a0
  - python_abi 3.13.* *_cp313
  license: BSD-3-Clause
  license_family: BSD
  purls:
  - pkg:pypi/zstandard?source=compressed-mapping
  size: 692765
  timestamp: 1741853628130
